{
  "lockfileVersion": 1,
  "configVersion": 1,
  "workspaces": {
    "": {
      "name": "pa",
      "dependencies": {
        "@anthropic-ai/sdk": "^0.82.0",
        "@opentelemetry/api": "^1.9.1",
        "@opentelemetry/exporter-trace-otlp-http": "^0.214.0",
        "@opentelemetry/sdk-trace-node": "^2.6.1",
        "@vscode/ripgrep": "^1.17.1",
        "chalk": "^5.6.2",
        "commander": "^14.0.3",
        "diff": "^8.0.4",
        "ignore": "^7.0.5",
        "marked": "^17.0.6",
        "react": "^19.2.4",
        "react-reconciler": "^0.33.0",
        "yaml": "^2.8.3",
        "yoga-layout": "^3.2.1",
        "zod": "^3.24",
        "zod-to-json-schema": "^3.25.2",
      },
      "devDependencies": {
        "@types/bun": "latest",
        "@types/diff": "^7.0.2",
        "@types/react": "^19.2.14",
        "@types/react-reconciler": "^0.33.0",
      },
      "peerDependencies": {
        "typescript": "^5",
      },
    },
  },
  "packages": {
    "@anthropic-ai/sdk": ["@anthropic-ai/sdk@0.82.0", "", { "dependencies": { "json-schema-to-ts": "^3.1.1" }, "peerDependencies": { "zod": "^3.25.0 || ^4.0.0" }, "optionalPeers": ["zod"], "bin": { "anthropic-ai-sdk": "bin/cli" } }, "sha512-xdHTjL1GlUlDugHq/I47qdOKp/ROPvuHl7ROJCgUQigbvPu7asf9KcAcU1EqdrP2LuVhEKaTs7Z+ShpZDRzHdQ=="],

    "@babel/runtime": ["@babel/runtime@7.29.2", "", {}, "sha512-JiDShH45zKHWyGe4ZNVRrCjBz8Nh9TMmZG1kh4QTK8hCBTWBi8Da+i7s1fJw7/lYpM4ccepSNfqzZ/QvABBi5g=="],

    "@opentelemetry/api": ["@opentelemetry/api@1.9.1", "", {}, "sha512-gLyJlPHPZYdAk1JENA9LeHejZe1Ti77/pTeFm/nMXmQH/HFZlcS/O2XJB+L8fkbrNSqhdtlvjBVjxwUYanNH5Q=="],

    "@opentelemetry/api-logs": ["@opentelemetry/api-logs@0.214.0", "", { "dependencies": { "@opentelemetry/api": "^1.3.0" } }, "sha512-40lSJeqYO8Uz2Yj7u94/SJWE/wONa7rmMKjI1ZcIjgf3MHNHv1OZUCrCETGuaRF62d5pQD1wKIW+L4lmSMTzZA=="],

    "@opentelemetry/context-async-hooks": ["@opentelemetry/context-async-hooks@2.6.1", "", { "peerDependencies": { "@opentelemetry/api": ">=1.0.0 <1.10.0" } }, "sha512-XHzhwRNkBpeP8Fs/qjGrAf9r9PRv67wkJQ/7ZPaBQQ68DYlTBBx5MF9LvPx7mhuXcDessKK2b+DcxqwpgkcivQ=="],

    "@opentelemetry/core": ["@opentelemetry/core@2.6.1", "", { "dependencies": { "@opentelemetry/semantic-conventions": "^1.29.0" }, "peerDependencies": { "@opentelemetry/api": ">=1.0.0 <1.10.0" } }, "sha512-8xHSGWpJP9wBxgBpnqGL0R3PbdWQndL1Qp50qrg71+B28zK5OQmUgcDKLJgzyAAV38t4tOyLMGDD60LneR5W8g=="],

    "@opentelemetry/exporter-trace-otlp-http": ["@opentelemetry/exporter-trace-otlp-http@0.214.0", "", { "dependencies": { "@opentelemetry/core": "2.6.1", "@opentelemetry/otlp-exporter-base": "0.214.0", "@opentelemetry/otlp-transformer": "0.214.0", "@opentelemetry/resources": "2.6.1", "@opentelemetry/sdk-trace-base": "2.6.1" }, "peerDependencies": { "@opentelemetry/api": "^1.3.0" } }, "sha512-kIN8nTBMgV2hXzV/a20BCFilPZdAIMYYJGSgfMMRm/Xa+07y5hRDS2Vm12A/z8Cdu3Sq++ZvJfElokX2rkgGgw=="],

    "@opentelemetry/otlp-exporter-base": ["@opentelemetry/otlp-exporter-base@0.214.0", "", { "dependencies": { "@opentelemetry/core": "2.6.1", "@opentelemetry/otlp-transformer": "0.214.0" }, "peerDependencies": { "@opentelemetry/api": "^1.3.0" } }, "sha512-u1Gdv0/E9wP+apqWf7Wv2npXmgJtxsW2XL0TEv9FZloTZRuMBKmu8cYVXwS4Hm3q/f/3FuCnPTgiwYvIqRSpRg=="],

    "@opentelemetry/otlp-transformer": ["@opentelemetry/otlp-transformer@0.214.0", "", { "dependencies": { "@opentelemetry/api-logs": "0.214.0", "@opentelemetry/core": "2.6.1", "@opentelemetry/resources": "2.6.1", "@opentelemetry/sdk-logs": "0.214.0", "@opentelemetry/sdk-metrics": "2.6.1", "@opentelemetry/sdk-trace-base": "2.6.1", "protobufjs": "^7.0.0" }, "peerDependencies": { "@opentelemetry/api": "^1.3.0" } }, "sha512-DSaYcuBRh6uozfsWN3R8HsN0yDhCuWP7tOFdkUOVaWD1KVJg8m4qiLUsg/tNhTLS9HUYUcwNpwL2eroLtsZZ/w=="],

    "@opentelemetry/resources": ["@opentelemetry/resources@2.6.1", "", { "dependencies": { "@opentelemetry/core": "2.6.1", "@opentelemetry/semantic-conventions": "^1.29.0" }, "peerDependencies": { "@opentelemetry/api": ">=1.3.0 <1.10.0" } }, "sha512-lID/vxSuKWXM55XhAKNoYXu9Cutoq5hFdkbTdI/zDKQktXzcWBVhNsOkiZFTMU9UtEWuGRNe0HUgmsFldIdxVA=="],

    "@opentelemetry/sdk-logs": ["@opentelemetry/sdk-logs@0.214.0", "", { "dependencies": { "@opentelemetry/api-logs": "0.214.0", "@opentelemetry/core": "2.6.1", "@opentelemetry/resources": "2.6.1", "@opentelemetry/semantic-conventions": "^1.29.0" }, "peerDependencies": { "@opentelemetry/api": ">=1.4.0 <1.10.0" } }, "sha512-zf6acnScjhsaBUU22zXZ/sLWim1dfhUAbGXdMmHmNG3LfBnQ3DKsOCITb2IZwoUsNNMTogqFKBnlIPPftUgGwA=="],

    "@opentelemetry/sdk-metrics": ["@opentelemetry/sdk-metrics@2.6.1", "", { "dependencies": { "@opentelemetry/core": "2.6.1", "@opentelemetry/resources": "2.6.1" }, "peerDependencies": { "@opentelemetry/api": ">=1.9.0 <1.10.0" } }, "sha512-9t9hJHX15meBy2NmTJxL+NJfXmnausR2xUDvE19XQce0Qi/GBtDGamU8nS1RMbdgDmhgpm3VaOu2+fiS/SfTpQ=="],

    "@opentelemetry/sdk-trace-base": ["@opentelemetry/sdk-trace-base@2.6.1", "", { "dependencies": { "@opentelemetry/core": "2.6.1", "@opentelemetry/resources": "2.6.1", "@opentelemetry/semantic-conventions": "^1.29.0" }, "peerDependencies": { "@opentelemetry/api": ">=1.3.0 <1.10.0" } }, "sha512-r86ut4T1e8vNwB35CqCcKd45yzqH6/6Wzvpk2/cZB8PsPLlZFTvrh8yfOS3CYZYcUmAx4hHTZJ8AO8Dj8nrdhw=="],

    "@opentelemetry/sdk-trace-node": ["@opentelemetry/sdk-trace-node@2.6.1", "", { "dependencies": { "@opentelemetry/context-async-hooks": "2.6.1", "@opentelemetry/core": "2.6.1", "@opentelemetry/sdk-trace-base": "2.6.1" }, "peerDependencies": { "@opentelemetry/api": ">=1.0.0 <1.10.0" } }, "sha512-Hh2i4FwHWRFhnO2Q/p6svMxy8MPsNCG0uuzUY3glqm0rwM0nQvbTO1dXSp9OqQoTKXcQzaz9q1f65fsurmOhNw=="],

    "@opentelemetry/semantic-conventions": ["@opentelemetry/semantic-conventions@1.40.0", "", {}, "sha512-cifvXDhcqMwwTlTK04GBNeIe7yyo28Mfby85QXFe1Yk8nmi36Ab/5UQwptOx84SsoGNRg+EVSjwzfSZMy6pmlw=="],

    "@protobufjs/aspromise": ["@protobufjs/aspromise@1.1.2", "", {}, "sha512-j+gKExEuLmKwvz3OgROXtrJ2UG2x8Ch2YZUxahh+s1F2HZ+wAceUNLkvy6zKCPVRkU++ZWQrdxsUeQXmcg4uoQ=="],

    "@protobufjs/base64": ["@protobufjs/base64@1.1.2", "", {}, "sha512-AZkcAA5vnN/v4PDqKyMR5lx7hZttPDgClv83E//FMNhR2TMcLUhfRUBHCmSl0oi9zMgDDqRUJkSxO3wm85+XLg=="],

    "@protobufjs/codegen": ["@protobufjs/codegen@2.0.4", "", {}, "sha512-YyFaikqM5sH0ziFZCN3xDC7zeGaB/d0IUb9CATugHWbd1FRFwWwt4ld4OYMPWu5a3Xe01mGAULCdqhMlPl29Jg=="],

    "@protobufjs/eventemitter": ["@protobufjs/eventemitter@1.1.0", "", {}, "sha512-j9ednRT81vYJ9OfVuXG6ERSTdEL1xVsNgqpkxMsbIabzSo3goCjDIveeGv5d03om39ML71RdmrGNjG5SReBP/Q=="],

    "@protobufjs/fetch": ["@protobufjs/fetch@1.1.0", "", { "dependencies": { "@protobufjs/aspromise": "^1.1.1", "@protobufjs/inquire": "^1.1.0" } }, "sha512-lljVXpqXebpsijW71PZaCYeIcE5on1w5DlQy5WH6GLbFryLUrBD4932W/E2BSpfRJWseIL4v/KPgBFxDOIdKpQ=="],

    "@protobufjs/float": ["@protobufjs/float@1.0.2", "", {}, "sha512-Ddb+kVXlXst9d+R9PfTIxh1EdNkgoRe5tOX6t01f1lYWOvJnSPDBlG241QLzcyPdoNTsblLUdujGSE4RzrTZGQ=="],

    "@protobufjs/inquire": ["@protobufjs/inquire@1.1.0", "", {}, "sha512-kdSefcPdruJiFMVSbn801t4vFK7KB/5gd2fYvrxhuJYg8ILrmn9SKSX2tZdV6V+ksulWqS7aXjBcRXl3wHoD9Q=="],

    "@protobufjs/path": ["@protobufjs/path@1.1.2", "", {}, "sha512-6JOcJ5Tm08dOHAbdR3GrvP+yUUfkjG5ePsHYczMFLq3ZmMkAD98cDgcT2iA1lJ9NVwFd4tH/iSSoe44YWkltEA=="],

    "@protobufjs/pool": ["@protobufjs/pool@1.1.0", "", {}, "sha512-0kELaGSIDBKvcgS4zkjz1PeddatrjYcmMWOlAuAPwAeccUrPHdUqo/J6LiymHHEiJT5NrF1UVwxY14f+fy4WQw=="],

    "@protobufjs/utf8": ["@protobufjs/utf8@1.1.0", "", {}, "sha512-Vvn3zZrhQZkkBE8LSuW3em98c0FwgO4nxzv6OdSxPKJIEKY2bGbHn+mhGIPerzI4twdxaP8/0+06HBpwf345Lw=="],

    "@types/bun": ["@types/bun@1.3.11", "", { "dependencies": { "bun-types": "1.3.11" } }, "sha512-5vPne5QvtpjGpsGYXiFyycfpDF2ECyPcTSsFBMa0fraoxiQyMJ3SmuQIGhzPg2WJuWxVBoxWJ2kClYTcw/4fAg=="],

    "@types/diff": ["@types/diff@7.0.2", "", {}, "sha512-JSWRMozjFKsGlEjiiKajUjIJVKuKdE3oVy2DNtK+fUo8q82nhFZ2CPQwicAIkXrofahDXrWJ7mjelvZphMS98Q=="],

    "@types/node": ["@types/node@25.5.2", "", { "dependencies": { "undici-types": "~7.18.0" } }, "sha512-tO4ZIRKNC+MDWV4qKVZe3Ql/woTnmHDr5JD8UI5hn2pwBrHEwOEMZK7WlNb5RKB6EoJ02gwmQS9OrjuFnZYdpg=="],

    "@types/react": ["@types/react@19.2.14", "", { "dependencies": { "csstype": "^3.2.2" } }, "sha512-ilcTH/UniCkMdtexkoCN0bI7pMcJDvmQFPvuPvmEaYA/NSfFTAgdUSLAoVjaRJm7+6PvcM+q1zYOwS4wTYMF9w=="],

    "@types/react-reconciler": ["@types/react-reconciler@0.33.0", "", { "peerDependencies": { "@types/react": "*" } }, "sha512-HZOXsKT0tGI9LlUw2LuedXsVeB88wFa536vVL0M6vE8zN63nI+sSr1ByxmPToP5K5bukaVscyeCJcF9guVNJ1g=="],

    "@vscode/ripgrep": ["@vscode/ripgrep@1.17.1", "", { "dependencies": { "https-proxy-agent": "^7.0.2", "proxy-from-env": "^1.1.0", "yauzl": "^2.9.2" } }, "sha512-xTs7DGyAO3IsJYOCTBP8LnTvPiYVKEuyv8s0xyJDBXfs8rhBfqnZPvb6xDT+RnwWzcXqW27xLS/aGrkjX7lNWw=="],

    "agent-base": ["agent-base@7.1.4", "", {}, "sha512-MnA+YT8fwfJPgBx3m60MNqakm30XOkyIoH1y6huTQvC0PwZG7ki8NacLBcrPbNoo8vEZy7Jpuk7+jMO+CUovTQ=="],

    "buffer-crc32": ["buffer-crc32@0.2.13", "", {}, "sha512-VO9Ht/+p3SN7SKWqcrgEzjGbRSJYTx+Q1pTQC0wrWqHx0vpJraQ6GtHx8tvcg1rlK1byhU5gccxgOgj7B0TDkQ=="],

    "bun-types": ["bun-types@1.3.11", "", { "dependencies": { "@types/node": "*" } }, "sha512-1KGPpoxQWl9f6wcZh57LvrPIInQMn2TQ7jsgxqpRzg+l0QPOFvJVH7HmvHo/AiPgwXy+/Thf6Ov3EdVn1vOabg=="],

    "chalk": ["chalk@5.6.2", "", {}, "sha512-7NzBL0rN6fMUW+f7A6Io4h40qQlG+xGmtMxfbnH/K7TAtt8JQWVQK+6g0UXKMeVJoyV5EkkNsErQ8pVD3bLHbA=="],

    "commander": ["commander@14.0.3", "", {}, "sha512-H+y0Jo/T1RZ9qPP4Eh1pkcQcLRglraJaSLoyOtHxu6AapkjWVCy2Sit1QQ4x3Dng8qDlSsZEet7g5Pq06MvTgw=="],

    "csstype": ["csstype@3.2.3", "", {}, "sha512-z1HGKcYy2xA8AGQfwrn0PAy+PB7X/GSj3UVJW9qKyn43xWa+gl5nXmU4qqLMRzWVLFC8KusUX8T/0kCiOYpAIQ=="],

    "debug": ["debug@4.4.3", "", { "dependencies": { "ms": "^2.1.3" } }, "sha512-RGwwWnwQvkVfavKVt22FGLw+xYSdzARwm0ru6DhTVA3umU5hZc28V3kO4stgYryrTlLpuvgI9GiijltAjNbcqA=="],

    "diff": ["diff@8.0.4", "", {}, "sha512-DPi0FmjiSU5EvQV0++GFDOJ9ASQUVFh5kD+OzOnYdi7n3Wpm9hWWGfB/O2blfHcMVTL5WkQXSnRiK9makhrcnw=="],

    "fd-slicer": ["fd-slicer@1.1.0", "", { "dependencies": { "pend": "~1.2.0" } }, "sha512-cE1qsB/VwyQozZ+q1dGxR8LBYNZeofhEdUNGSMbQD3Gw2lAzX9Zb3uIU6Ebc/Fmyjo9AWWfnn0AUCHqtevs/8g=="],

    "https-proxy-agent": ["https-proxy-agent@7.0.6", "", { "dependencies": { "agent-base": "^7.1.2", "debug": "4" } }, "sha512-vK9P5/iUfdl95AI+JVyUuIcVtd4ofvtrOr3HNtM2yxC9bnMbEdp3x01OhQNnjb8IJYi38VlTE3mBXwcfvywuSw=="],

    "ignore": ["ignore@7.0.5", "", {}, "sha512-Hs59xBNfUIunMFgWAbGX5cq6893IbWg4KnrjbYwX3tx0ztorVgTDA6B2sxf8ejHJ4wz8BqGUMYlnzNBer5NvGg=="],

    "json-schema-to-ts": ["json-schema-to-ts@3.1.1", "", { "dependencies": { "@babel/runtime": "^7.18.3", "ts-algebra": "^2.0.0" } }, "sha512-+DWg8jCJG2TEnpy7kOm/7/AxaYoaRbjVB4LFZLySZlWn8exGs3A4OLJR966cVvU26N7X9TWxl+Jsw7dzAqKT6g=="],

    "long": ["long@5.3.2", "", {}, "sha512-mNAgZ1GmyNhD7AuqnTG3/VQ26o760+ZYBPKjPvugO8+nLbYfX6TVpJPseBvopbdY+qpZ/lKUnmEc1LeZYS3QAA=="],

    "marked": ["marked@17.0.6", "", { "bin": { "marked": "bin/marked.js" } }, "sha512-gB0gkNafnonOw0obSTEGZTT86IuhILt2Wfx0mWH/1Au83kybTayroZ/V6nS25mN7u8ASy+5fMhgB3XPNrOZdmA=="],

    "ms": ["ms@2.1.3", "", {}, "sha512-6FlzubTLZG3J2a/NVCAleEhjzq5oxgHyaCU9yYXvcLsvoVaHJq/s5xXI6/XXP6tz7R9xAOtHnSO/tXtF3WRTlA=="],

    "pend": ["pend@1.2.0", "", {}, "sha512-F3asv42UuXchdzt+xXqfW1OGlVBe+mxa2mqI0pg5yAHZPvFmY3Y6drSf/GQ1A86WgWEN9Kzh/WrgKa6iGcHXLg=="],

    "protobufjs": ["protobufjs@7.5.4", "", { "dependencies": { "@protobufjs/aspromise": "^1.1.2", "@protobufjs/base64": "^1.1.2", "@protobufjs/codegen": "^2.0.4", "@protobufjs/eventemitter": "^1.1.0", "@protobufjs/fetch": "^1.1.0", "@protobufjs/float": "^1.0.2", "@protobufjs/inquire": "^1.1.0", "@protobufjs/path": "^1.1.2", "@protobufjs/pool": "^1.1.0", "@protobufjs/utf8": "^1.1.0", "@types/node": ">=13.7.0", "long": "^5.0.0" } }, "sha512-CvexbZtbov6jW2eXAvLukXjXUW1TzFaivC46BpWc/3BpcCysb5Vffu+B3XHMm8lVEuy2Mm4XGex8hBSg1yapPg=="],

    "proxy-from-env": ["proxy-from-env@1.1.0", "", {}, "sha512-D+zkORCbA9f1tdWRK0RaCR3GPv50cMxcrz4X8k5LTSUD1Dkw47mKJEZQNunItRTkWwgtaUSo1RVFRIG9ZXiFYg=="],

    "react": ["react@19.2.4", "", {}, "sha512-9nfp2hYpCwOjAN+8TZFGhtWEwgvWHXqESH8qT89AT/lWklpLON22Lc8pEtnpsZz7VmawabSU0gCjnj8aC0euHQ=="],

    "react-reconciler": ["react-reconciler@0.33.0", "", { "dependencies": { "scheduler": "^0.27.0" }, "peerDependencies": { "react": "^19.2.0" } }, "sha512-KetWRytFv1epdpJc3J4G75I4WrplZE5jOL7Yq0p34+OVOKF4Se7WrdIdVC45XsSSmUTlht2FM/fM1FZb1mfQeA=="],

    "scheduler": ["scheduler@0.27.0", "", {}, "sha512-eNv+WrVbKu1f3vbYJT/xtiF5syA5HPIMtf9IgY/nKg0sWqzAUEvqY/xm7OcZc/qafLx/iO9FgOmeSAp4v5ti/Q=="],

    "ts-algebra": ["ts-algebra@2.0.0", "", {}, "sha512-FPAhNPFMrkwz76P7cdjdmiShwMynZYN6SgOujD1urY4oNm80Ou9oMdmbR45LotcKOXoy7wSmHkRFE6Mxbrhefw=="],

    "typescript": ["typescript@5.9.3", "", { "bin": { "tsc": "bin/tsc", "tsserver": "bin/tsserver" } }, "sha512-jl1vZzPDinLr9eUt3J/t7V6FgNEw9QjvBPdysz9KfQDD41fQrC2Y4vKQdiaUpFT4bXlb1RHhLpp8wtm6M5TgSw=="],

    "undici-types": ["undici-types@7.18.2", "", {}, "sha512-AsuCzffGHJybSaRrmr5eHr81mwJU3kjw6M+uprWvCXiNeN9SOGwQ3Jn8jb8m3Z6izVgknn1R0FTCEAP2QrLY/w=="],

    "yaml": ["yaml@2.8.3", "", { "bin": { "yaml": "bin.mjs" } }, "sha512-AvbaCLOO2Otw/lW5bmh9d/WEdcDFdQp2Z2ZUH3pX9U2ihyUY0nvLv7J6TrWowklRGPYbB/IuIMfYgxaCPg5Bpg=="],

    "yauzl": ["yauzl@2.10.0", "", { "dependencies": { "buffer-crc32": "~0.2.3", "fd-slicer": "~1.1.0" } }, "sha512-p4a9I6X6nu6IhoGmBqAcbJy1mlC4j27vEPZX9F4L4/vZT3Lyq1VkFHw/V/PUcB9Buo+DG3iHkT0x3Qya58zc3g=="],

    "yoga-layout": ["yoga-layout@3.2.1", "", {}, "sha512-0LPOt3AxKqMdFBZA3HBAt/t/8vIKq7VaQYbuA8WxCgung+p9TVyKRYdpvCb80HcdTN2NkbIKbhNwKUfm3tQywQ=="],

    "zod": ["zod@3.25.76", "", {}, "sha512-gzUt/qt81nXsFGKIFcC3YnfEAx5NkunCfnDlvuBSSFS02bcXu4Lmea0AFIUwbLWxWPx3d9p8S5QoaujKcNQxcQ=="],

    "zod-to-json-schema": ["zod-to-json-schema@3.25.2", "", { "peerDependencies": { "zod": "^3.25.28 || ^4" } }, "sha512-O/PgfnpT1xKSDeQYSCfRI5Gy3hPf91mKVDuYLUHZJMiDFptvP41MSnWofm8dnCm0256ZNfZIM7DSzuSMAFnjHA=="],
  }
}
